Microsoft Visual Studio Solution File, Format Version 12.00
# Visual Studio 2012
Project("{F184B08F-C81C-45F6-A57F-5ABD9991F28F}") = "Verbs", "Verbs\Verbs.vbproj", "{643D51B8-BAB1-49E5-A10F-7BB157333253}"
EndProject
Global
	GlobalSection(SolutionConfigurationPlatforms) = preSolution
		Debug|x86 = Debug|x86
		Release|x86 = Release|x86
	EndGlobalSection
	GlobalSection(ProjectConfigurationPlatforms) = postSolution
		{643D51B8-BAB1-49E5-A10F-7BB157333253}.Debug|x86.ActiveCfg = Debug|x86
		{643D51B8-BAB1-49E5-A10F-7BB157333253}.Debug|x86.Build.0 = Debug|x86
		{643D51B8-BAB1-49E5-A10F-7BB157333253}.Release|x86.ActiveCfg = Release|x86
		{643D51B8-BAB1-49E5-A10F-7BB157333253}.Release|x86.Build.0 = Release|x86
	EndGlobalSection
	GlobalSection(SolutionProperties) = preSolution
		HideSolutionNode = FALSE
	EndGlobalSection
EndGlobal
